
Microsoft Visual Studio Solution File, Format Version 12.00
# Visual Studio Version 17
VisualStudioVersion = 17.2.32630.192
MinimumVisualStudioVersion = 10.0.40219.1
Project("{FAE04EC0-301F-11D3-BF4B-00C04F79EFBC}") = "for each loop", "for each loop\for each loop.csproj", "{BA7774D7-D847-4394-87F3-61A734919A89}"
EndProject
Global
	GlobalSection(SolutionConfigurationPlatforms) = preSolution
		Debug|Any CPU = Debug|Any CPU
		Release|Any CPU = Release|Any CPU
	EndGlobalSection
	GlobalSection(ProjectConfigurationPlatforms) = postSolution
		{BA7774D7-D847-4394-87F3-61A734919A89}.Debug|Any CPU.ActiveCfg = Debug|Any CPU
		{BA7774D7-D847-4394-87F3-61A734919A89}.Debug|Any CPU.Build.0 = Debug|Any CPU
		{BA7774D7-D847-4394-87F3-61A734919A89}.Release|Any CPU.ActiveCfg = Release|Any CPU
		{BA7774D7-D847-4394-87F3-61A734919A89}.Release|Any CPU.Build.0 = Release|Any CPU
	EndGlobalSection
	GlobalSection(SolutionProperties) = preSolution
		HideSolutionNode = FALSE
	EndGlobalSection
	GlobalSection(ExtensibilityGlobals) = postSolution
		SolutionGuid = {417E6D5B-EF7C-4DB4-AEF2-6DB939A30FEE}
	EndGlobalSection
EndGlobal
