
Microsoft Visual Studio Solution File, Format Version 12.00
# Visual Studio Version 17
VisualStudioVersion = 17.2.32630.192
MinimumVisualStudioVersion = 10.0.40219.1
Project("{FAE04EC0-301F-11D3-BF4B-00C04F79EFBC}") = "Desicion Making", "Desicion Making\Desicion Making.csproj", "{98697073-9EFD-4D05-B32B-E9BBBC3EE90D}"
EndProject
Global
	GlobalSection(SolutionConfigurationPlatforms) = preSolution
		Debug|Any CPU = Debug|Any CPU
		Release|Any CPU = Release|Any CPU
	EndGlobalSection
	GlobalSection(ProjectConfigurationPlatforms) = postSolution
		{98697073-9EFD-4D05-B32B-E9BBBC3EE90D}.Debug|Any CPU.ActiveCfg = Debug|Any CPU
		{98697073-9EFD-4D05-B32B-E9BBBC3EE90D}.Debug|Any CPU.Build.0 = Debug|Any CPU
		{98697073-9EFD-4D05-B32B-E9BBBC3EE90D}.Release|Any CPU.ActiveCfg = Release|Any CPU
		{98697073-9EFD-4D05-B32B-E9BBBC3EE90D}.Release|Any CPU.Build.0 = Release|Any CPU
	EndGlobalSection
	GlobalSection(SolutionProperties) = preSolution
		HideSolutionNode = FALSE
	EndGlobalSection
	GlobalSection(ExtensibilityGlobals) = postSolution
		SolutionGuid = {0BC1F050-42EB-45A7-8354-E9BFB78AA78A}
	EndGlobalSection
EndGlobal
