
Microsoft Visual Studio Solution File, Format Version 12.00
# Visual Studio Version 17
VisualStudioVersion = 17.2.32630.192
MinimumVisualStudioVersion = 10.0.40219.1
Project("{FAE04EC0-301F-11D3-BF4B-00C04F79EFBC}") = "Metohds 2", "Metohds 2\Metohds 2.csproj", "{538481FC-3F4E-4A18-ACF5-D6B9C74E847E}"
EndProject
Global
	GlobalSection(SolutionConfigurationPlatforms) = preSolution
		Debug|Any CPU = Debug|Any CPU
		Release|Any CPU = Release|Any CPU
	EndGlobalSection
	GlobalSection(ProjectConfigurationPlatforms) = postSolution
		{538481FC-3F4E-4A18-ACF5-D6B9C74E847E}.Debug|Any CPU.ActiveCfg = Debug|Any CPU
		{538481FC-3F4E-4A18-ACF5-D6B9C74E847E}.Debug|Any CPU.Build.0 = Debug|Any CPU
		{538481FC-3F4E-4A18-ACF5-D6B9C74E847E}.Release|Any CPU.ActiveCfg = Release|Any CPU
		{538481FC-3F4E-4A18-ACF5-D6B9C74E847E}.Release|Any CPU.Build.0 = Release|Any CPU
	EndGlobalSection
	GlobalSection(SolutionProperties) = preSolution
		HideSolutionNode = FALSE
	EndGlobalSection
	GlobalSection(ExtensibilityGlobals) = postSolution
		SolutionGuid = {DEBADB19-CABE-4A96-8841-156B9BDCCD9E}
	EndGlobalSection
EndGlobal
