
Microsoft Visual Studio Solution File, Format Version 12.00
# Visual Studio Version 17
VisualStudioVersion = 17.2.32630.192
MinimumVisualStudioVersion = 10.0.40219.1
Project("{FAE04EC0-301F-11D3-BF4B-00C04F79EFBC}") = "Deneme 2", "Deneme 2\Deneme 2.csproj", "{8EB60B85-0D2B-4D22-AD2D-008BBBA6EADA}"
EndProject
Global
	GlobalSection(SolutionConfigurationPlatforms) = preSolution
		Debug|Any CPU = Debug|Any CPU
		Release|Any CPU = Release|Any CPU
	EndGlobalSection
	GlobalSection(ProjectConfigurationPlatforms) = postSolution
		{8EB60B85-0D2B-4D22-AD2D-008BBBA6EADA}.Debug|Any CPU.ActiveCfg = Debug|Any CPU
		{8EB60B85-0D2B-4D22-AD2D-008BBBA6EADA}.Debug|Any CPU.Build.0 = Debug|Any CPU
		{8EB60B85-0D2B-4D22-AD2D-008BBBA6EADA}.Release|Any CPU.ActiveCfg = Release|Any CPU
		{8EB60B85-0D2B-4D22-AD2D-008BBBA6EADA}.Release|Any CPU.Build.0 = Release|Any CPU
	EndGlobalSection
	GlobalSection(SolutionProperties) = preSolution
		HideSolutionNode = FALSE
	EndGlobalSection
	GlobalSection(ExtensibilityGlobals) = postSolution
		SolutionGuid = {89A8F91E-2ED8-405B-9EFB-4DB8C2F2CAAA}
	EndGlobalSection
EndGlobal
