
Microsoft Visual Studio Solution File, Format Version 12.00
# Visual Studio Version 17
VisualStudioVersion = 17.2.32630.192
MinimumVisualStudioVersion = 10.0.40219.1
Project("{FAE04EC0-301F-11D3-BF4B-00C04F79EFBC}") = "Decision Making", "Decision Making\Decision Making.csproj", "{1FB2DEB8-9B7E-4418-82A3-F7B9AA945D50}"
EndProject
Global
	GlobalSection(SolutionConfigurationPlatforms) = preSolution
		Debug|Any CPU = Debug|Any CPU
		Release|Any CPU = Release|Any CPU
	EndGlobalSection
	GlobalSection(ProjectConfigurationPlatforms) = postSolution
		{1FB2DEB8-9B7E-4418-82A3-F7B9AA945D50}.Debug|Any CPU.ActiveCfg = Debug|Any CPU
		{1FB2DEB8-9B7E-4418-82A3-F7B9AA945D50}.Debug|Any CPU.Build.0 = Debug|Any CPU
		{1FB2DEB8-9B7E-4418-82A3-F7B9AA945D50}.Release|Any CPU.ActiveCfg = Release|Any CPU
		{1FB2DEB8-9B7E-4418-82A3-F7B9AA945D50}.Release|Any CPU.Build.0 = Release|Any CPU
	EndGlobalSection
	GlobalSection(SolutionProperties) = preSolution
		HideSolutionNode = FALSE
	EndGlobalSection
	GlobalSection(ExtensibilityGlobals) = postSolution
		SolutionGuid = {CDEF7FDE-CEF1-4A70-841B-6B62044DAD30}
	EndGlobalSection
EndGlobal
