
Microsoft Visual Studio Solution File, Format Version 12.00
# Visual Studio Version 17
VisualStudioVersion = 17.2.32630.192
MinimumVisualStudioVersion = 10.0.40219.1
Project("{FAE04EC0-301F-11D3-BF4B-00C04F79EFBC}") = "Teacher XO game Solution", "Teacher XO game Solution\Teacher XO game Solution.csproj", "{A9E03BF2-F1E8-46A3-8803-C59F8DB1E0FB}"
EndProject
Global
	GlobalSection(SolutionConfigurationPlatforms) = preSolution
		Debug|Any CPU = Debug|Any CPU
		Release|Any CPU = Release|Any CPU
	EndGlobalSection
	GlobalSection(ProjectConfigurationPlatforms) = postSolution
		{A9E03BF2-F1E8-46A3-8803-C59F8DB1E0FB}.Debug|Any CPU.ActiveCfg = Debug|Any CPU
		{A9E03BF2-F1E8-46A3-8803-C59F8DB1E0FB}.Debug|Any CPU.Build.0 = Debug|Any CPU
		{A9E03BF2-F1E8-46A3-8803-C59F8DB1E0FB}.Release|Any CPU.ActiveCfg = Release|Any CPU
		{A9E03BF2-F1E8-46A3-8803-C59F8DB1E0FB}.Release|Any CPU.Build.0 = Release|Any CPU
	EndGlobalSection
	GlobalSection(SolutionProperties) = preSolution
		HideSolutionNode = FALSE
	EndGlobalSection
	GlobalSection(ExtensibilityGlobals) = postSolution
		SolutionGuid = {E38F22FD-CF72-4396-9227-A7FA33ED3FF2}
	EndGlobalSection
EndGlobal
