
Microsoft Visual Studio Solution File, Format Version 12.00
# Visual Studio Version 17
VisualStudioVersion = 17.2.32630.192
MinimumVisualStudioVersion = 10.0.40219.1
Project("{FAE04EC0-301F-11D3-BF4B-00C04F79EFBC}") = "LearningMethods", "LearningMethods\LearningMethods.csproj", "{BBFB8C57-8457-4318-B444-AEA458A239A6}"
EndProject
Global
	GlobalSection(SolutionConfigurationPlatforms) = preSolution
		Debug|Any CPU = Debug|Any CPU
		Release|Any CPU = Release|Any CPU
	EndGlobalSection
	GlobalSection(ProjectConfigurationPlatforms) = postSolution
		{BBFB8C57-8457-4318-B444-AEA458A239A6}.Debug|Any CPU.ActiveCfg = Debug|Any CPU
		{BBFB8C57-8457-4318-B444-AEA458A239A6}.Debug|Any CPU.Build.0 = Debug|Any CPU
		{BBFB8C57-8457-4318-B444-AEA458A239A6}.Release|Any CPU.ActiveCfg = Release|Any CPU
		{BBFB8C57-8457-4318-B444-AEA458A239A6}.Release|Any CPU.Build.0 = Release|Any CPU
	EndGlobalSection
	GlobalSection(SolutionProperties) = preSolution
		HideSolutionNode = FALSE
	EndGlobalSection
	GlobalSection(ExtensibilityGlobals) = postSolution
		SolutionGuid = {0318298C-FFAD-4200-9CBB-D41ACD53EBCE}
	EndGlobalSection
EndGlobal
